// !$*UTF8*$!
{
	archiveVersion = 1;
	classes = {
	};
	objectVersion = 46;
	objects = {

/* Begin PBXBuildFile section */
		6A0AA2E318117FA80090547C /* CoreData.framework in Frameworks */ = {isa = PBXBuildFile; fileRef = 6AA4E50617C85D800035694D /* CoreData.framework */; };
		6A0F485F180ED40C004AED5F /* Default.png in Resources */ = {isa = PBXBuildFile; fileRef = 6A0F485D180ED40B004AED5F /* Default.png */; };
		6A0F4860180ED40C004AED5F /* Default@2x.png in Resources */ = {isa = PBXBuildFile; fileRef = 6A0F485E180ED40C004AED5F /* Default@2x.png */; };
		6A219C4D17CC548D00E5545D /* ViewController.m in Sources */ = {isa = PBXBuildFile; fileRef = 6A219C4C17CC548D00E5545D /* ViewController.m */; };
		6A38ED571814F259009F6A24 /* foodnetwork.xml in Resources */ = {isa = PBXBuildFile; fileRef = 6A38ED561814F259009F6A24 /* foodnetwork.xml */; };
		6AA4E50717C85D800035694D /* CoreData.framework in Frameworks */ = {isa = PBXBuildFile; fileRef = 6AA4E50617C85D800035694D /* CoreData.framework */; };
		6AC1ABC117C22230005E7AFB /* TitleVC.m in Sources */ = {isa = PBXBuildFile; fileRef = 6AC1ABC017C22230005E7AFB /* TitleVC.m */; };
		6AD91DFE17BA49EC007A0DF5 /* UIKit.framework in Frameworks */ = {isa = PBXBuildFile; fileRef = 6AD91DFD17BA49EC007A0DF5 /* UIKit.framework */; };
		6AD91E0017BA49EC007A0DF5 /* Foundation.framework in Frameworks */ = {isa = PBXBuildFile; fileRef = 6AD91DFF17BA49EC007A0DF5 /* Foundation.framework */; };
		6AD91E0217BA49EC007A0DF5 /* CoreGraphics.framework in Frameworks */ = {isa = PBXBuildFile; fileRef = 6AD91E0117BA49EC007A0DF5 /* CoreGraphics.framework */; };
		6AD91E0817BA49ED007A0DF5 /* InfoPlist.strings in Resources */ = {isa = PBXBuildFile; fileRef = 6AD91E0617BA49ED007A0DF5 /* InfoPlist.strings */; };
		6AD91E0A17BA49ED007A0DF5 /* main.m in Sources */ = {isa = PBXBuildFile; fileRef = 6AD91E0917BA49ED007A0DF5 /* main.m */; };
		6AD91E0E17BA49ED007A0DF5 /* AppDelegate.m in Sources */ = {isa = PBXBuildFile; fileRef = 6AD91E0D17BA49ED007A0DF5 /* AppDelegate.m */; };
		6AD91E1417BA49ED007A0DF5 /* Default-568h@2x.png in Resources */ = {isa = PBXBuildFile; fileRef = 6AD91E1317BA49ED007A0DF5 /* Default-568h@2x.png */; };
		6AD91E1717BA49ED007A0DF5 /* MainStoryboard.storyboard in Resources */ = {isa = PBXBuildFile; fileRef = 6AD91E1517BA49ED007A0DF5 /* MainStoryboard.storyboard */; };
		6AD91E2217BA49EE007A0DF5 /* SenTestingKit.framework in Frameworks */ = {isa = PBXBuildFile; fileRef = 6AD91E2117BA49EE007A0DF5 /* SenTestingKit.framework */; };
		6AD91E2317BA49EE007A0DF5 /* UIKit.framework in Frameworks */ = {isa = PBXBuildFile; fileRef = 6AD91DFD17BA49EC007A0DF5 /* UIKit.framework */; };
		6AD91E2417BA49EE007A0DF5 /* Foundation.framework in Frameworks */ = {isa = PBXBuildFile; fileRef = 6AD91DFF17BA49EC007A0DF5 /* Foundation.framework */; };
		6AD91E2C17BA49EE007A0DF5 /* InfoPlist.strings in Resources */ = {isa = PBXBuildFile; fileRef = 6AD91E2A17BA49EE007A0DF5 /* InfoPlist.strings */; };
		6AD99DEB17C255B1008AAA52 /* RecipeVC.m in Sources */ = {isa = PBXBuildFile; fileRef = 6AD99DEA17C255B1008AAA52 /* RecipeVC.m */; };
		6AD99DEE17C2599B008AAA52 /* RecipeDetailVC.m in Sources */ = {isa = PBXBuildFile; fileRef = 6AD99DED17C2599B008AAA52 /* RecipeDetailVC.m */; };
		6AF922CB18122B68004CD66E /* CoreDataRecipeTest.m in Sources */ = {isa = PBXBuildFile; fileRef = 6AF922CA18122B68004CD66E /* CoreDataRecipeTest.m */; };
		6AFF2A53180EC07300DD3E78 /* RecipeDb.xcdatamodeld in Sources */ = {isa = PBXBuildFile; fileRef = 6AFF2A50180EC07300DD3E78 /* RecipeDb.xcdatamodeld */; };
		6AFF2A59180EC0AF00DD3E78 /* Parser.m in Sources */ = {isa = PBXBuildFile; fileRef = 6AFF2A58180EC0AF00DD3E78 /* Parser.m */; };
		720C65A4180D447100CA124F /* advancedVC.m in Sources */ = {isa = PBXBuildFile; fileRef = 720C65A3180D447100CA124F /* advancedVC.m */; };
		720C65A7180D448E00CA124F /* advancedDetailVC.m in Sources */ = {isa = PBXBuildFile; fileRef = 720C65A6180D448E00CA124F /* advancedDetailVC.m */; };
		72A3244917ED6CC800C78391 /* IngredientVC.m in Sources */ = {isa = PBXBuildFile; fileRef = 72A3244817ED6CC700C78391 /* IngredientVC.m */; };
		7FE21A1F1815FF9F00BBCE1A /* Recipe.m in Sources */ = {isa = PBXBuildFile; fileRef = 7FE21A1E1815FF9F00BBCE1A /* Recipe.m */; };
		7FE21A221815FFA000BBCE1A /* IngredientTags.m in Sources */ = {isa = PBXBuildFile; fileRef = 7FE21A211815FFA000BBCE1A /* IngredientTags.m */; };
		7FE21A251815FFA100BBCE1A /* Method.m in Sources */ = {isa = PBXBuildFile; fileRef = 7FE21A241815FFA100BBCE1A /* Method.m */; };
		7FE21A2B1815FFA100BBCE1A /* Ingredient.m in Sources */ = {isa = PBXBuildFile; fileRef = 7FE21A2A1815FFA100BBCE1A /* Ingredient.m */; };
		7FE4EBEB181617FC002D46ED /* Nutrition.m in Sources */ = {isa = PBXBuildFile; fileRef = 7FE4EBEA181617FC002D46ED /* Nutrition.m */; };
/* End PBXBuildFile section */

/* Begin PBXContainerItemProxy section */
		6AD91E2517BA49EE007A0DF5 /* PBXContainerItemProxy */ = {
			isa = PBXContainerItemProxy;
			containerPortal = 6AD91DF217BA49EC007A0DF5 /* Project object */;
			proxyType = 1;
			remoteGlobalIDString = 6AD91DF917BA49EC007A0DF5;
			remoteInfo = "Cooking App";
		};
/* End PBXContainerItemProxy section */

/* Begin PBXFileReference section */
		6A0F485D180ED40B004AED5F /* Default.png */ = {isa = PBXFileReference; lastKnownFileType = image.png; path = Default.png; sourceTree = "<group>"; };
		6A0F485E180ED40C004AED5F /* Default@2x.png */ = {isa = PBXFileReference; lastKnownFileType = image.png; path = "Default@2x.png"; sourceTree = "<group>"; };
		6A219C4B17CC548D00E5545D /* ViewController.h */ = {isa = PBXFileReference; fileEncoding = 4; lastKnownFileType = sourcecode.c.h; path = ViewController.h; sourceTree = "<group>"; };
		6A219C4C17CC548D00E5545D /* ViewController.m */ = {isa = PBXFileReference; fileEncoding = 4; lastKnownFileType = sourcecode.c.objc; path = ViewController.m; sourceTree = "<group>"; };
		6A38ED561814F259009F6A24 /* foodnetwork.xml */ = {isa = PBXFileReference; fileEncoding = 4; lastKnownFileType = text.xml; path = foodnetwork.xml; sourceTree = "<group>"; };
		6AA4E50617C85D800035694D /* CoreData.framework */ = {isa = PBXFileReference; lastKnownFileType = wrapper.framework; name = CoreData.framework; path = System/Library/Frameworks/CoreData.framework; sourceTree = SDKROOT; };
		6AC1ABBF17C22230005E7AFB /* TitleVC.h */ = {isa = PBXFileReference; fileEncoding = 4; lastKnownFileType = sourcecode.c.h; path = TitleVC.h; sourceTree = "<group>"; };
		6AC1ABC017C22230005E7AFB /* TitleVC.m */ = {isa = PBXFileReference; fileEncoding = 4; lastKnownFileType = sourcecode.c.objc; path = TitleVC.m; sourceTree = "<group>"; };
		6AD91DFD17BA49EC007A0DF5 /* UIKit.framework */ = {isa = PBXFileReference; lastKnownFileType = wrapper.framework; name = UIKit.framework; path = System/Library/Frameworks/UIKit.framework; sourceTree = SDKROOT; };
		6AD91DFF17BA49EC007A0DF5 /* Foundation.framework */ = {isa = PBXFileReference; lastKnownFileType = wrapper.framework; name = Foundation.framework; path = System/Library/Frameworks/Foundation.framework; sourceTree = SDKROOT; };
		6AD91E0117BA49EC007A0DF5 /* CoreGraphics.framework */ = {isa = PBXFileReference; lastKnownFileType = wrapper.framework; name = CoreGraphics.framework; path = System/Library/Frameworks/CoreGraphics.framework; sourceTree = SDKROOT; };
		6AD91E0517BA49ED007A0DF5 /* Cooking App-Info.plist */ = {isa = PBXFileReference; lastKnownFileType = text.plist.xml; path = "Cooking App-Info.plist"; sourceTree = "<group>"; };
		6AD91E0717BA49ED007A0DF5 /* en */ = {isa = PBXFileReference; lastKnownFileType = text.plist.strings; name = en; path = en.lproj/InfoPlist.strings; sourceTree = "<group>"; };
		6AD91E0917BA49ED007A0DF5 /* main.m */ = {isa = PBXFileReference; lastKnownFileType = sourcecode.c.objc; path = main.m; sourceTree = "<group>"; };
		6AD91E0B17BA49ED007A0DF5 /* Cooking App-Prefix.pch */ = {isa = PBXFileReference; lastKnownFileType = sourcecode.c.h; path = "Cooking App-Prefix.pch"; sourceTree = "<group>"; };
		6AD91E0C17BA49ED007A0DF5 /* AppDelegate.h */ = {isa = PBXFileReference; lastKnownFileType = sourcecode.c.h; path = AppDelegate.h; sourceTree = "<group>"; };
		6AD91E0D17BA49ED007A0DF5 /* AppDelegate.m */ = {isa = PBXFileReference; lastKnownFileType = sourcecode.c.objc; path = AppDelegate.m; sourceTree = "<group>"; };
		6AD91E1317BA49ED007A0DF5 /* Default-568h@2x.png */ = {isa = PBXFileReference; lastKnownFileType = image.png; path = "Default-568h@2x.png"; sourceTree = "<group>"; };
		6AD91E1617BA49ED007A0DF5 /* en */ = {isa = PBXFileReference; lastKnownFileType = file.storyboard; name = en; path = en.lproj/MainStoryboard.storyboard; sourceTree = "<group>"; };
		6AD91E2117BA49EE007A0DF5 /* SenTestingKit.framework */ = {isa = PBXFileReference; lastKnownFileType = wrapper.framework; name = SenTestingKit.framework; path = Library/Frameworks/SenTestingKit.framework; sourceTree = DEVELOPER_DIR; };
		6AD91E2917BA49EE007A0DF5 /* Cooking AppTests-Info.plist */ = {isa = PBXFileReference; lastKnownFileType = text.plist.xml; path = "Cooking AppTests-Info.plist"; sourceTree = "<group>"; };
		6AD91E2B17BA49EE007A0DF5 /* en */ = {isa = PBXFileReference; lastKnownFileType = text.plist.strings; name = en; path = en.lproj/InfoPlist.strings; sourceTree = "<group>"; };
		6AD99DE917C255B1008AAA52 /* RecipeVC.h */ = {isa = PBXFileReference; fileEncoding = 4; lastKnownFileType = sourcecode.c.h; path = RecipeVC.h; sourceTree = "<group>"; };
		6AD99DEA17C255B1008AAA52 /* RecipeVC.m */ = {isa = PBXFileReference; fileEncoding = 4; lastKnownFileType = sourcecode.c.objc; path = RecipeVC.m; sourceTree = "<group>"; };
		6AD99DEC17C2599B008AAA52 /* RecipeDetailVC.h */ = {isa = PBXFileReference; fileEncoding = 4; lastKnownFileType = sourcecode.c.h; path = RecipeDetailVC.h; sourceTree = "<group>"; };
		6AD99DED17C2599B008AAA52 /* RecipeDetailVC.m */ = {isa = PBXFileReference; fileEncoding = 4; lastKnownFileType = sourcecode.c.objc; path = RecipeDetailVC.m; sourceTree = "<group>"; };
		6AF922C918122B68004CD66E /* CoreDataRecipeTest.h */ = {isa = PBXFileReference; fileEncoding = 4; lastKnownFileType = sourcecode.c.h; path = CoreDataRecipeTest.h; sourceTree = "<group>"; };
		6AF922CA18122B68004CD66E /* CoreDataRecipeTest.m */ = {isa = PBXFileReference; fileEncoding = 4; lastKnownFileType = sourcecode.c.objc; path = CoreDataRecipeTest.m; sourceTree = "<group>"; };
		6AFF2A51180EC07300DD3E78 /* RecipeDb.xcdatamodel */ = {isa = PBXFileReference; lastKnownFileType = wrapper.xcdatamodel; path = RecipeDb.xcdatamodel; sourceTree = "<group>"; };
		6AFF2A57180EC0AF00DD3E78 /* Parser.h */ = {isa = PBXFileReference; fileEncoding = 4; lastKnownFileType = sourcecode.c.h; path = Parser.h; sourceTree = "<group>"; };
		6AFF2A58180EC0AF00DD3E78 /* Parser.m */ = {isa = PBXFileReference; fileEncoding = 4; lastKnownFileType = sourcecode.c.objc; path = Parser.m; sourceTree = "<group>"; };
		720C65A2180D447100CA124F /* advancedVC.h */ = {isa = PBXFileReference; fileEncoding = 4; lastKnownFileType = sourcecode.c.h; path = advancedVC.h; sourceTree = "<group>"; };
		720C65A3180D447100CA124F /* advancedVC.m */ = {isa = PBXFileReference; fileEncoding = 4; lastKnownFileType = sourcecode.c.objc; path = advancedVC.m; sourceTree = "<group>"; };
		720C65A5180D448E00CA124F /* advancedDetailVC.h */ = {isa = PBXFileReference; fileEncoding = 4; lastKnownFileType = sourcecode.c.h; path = advancedDetailVC.h; sourceTree = "<group>"; };
		720C65A6180D448E00CA124F /* advancedDetailVC.m */ = {isa = PBXFileReference; fileEncoding = 4; lastKnownFileType = sourcecode.c.objc; path = advancedDetailVC.m; sourceTree = "<group>"; };
		72A3244717ED6CC700C78391 /* IngredientVC.h */ = {isa = PBXFileReference; fileEncoding = 4; lastKnownFileType = sourcecode.c.h; path = IngredientVC.h; sourceTree = "<group>"; };
		72A3244817ED6CC700C78391 /* IngredientVC.m */ = {isa = PBXFileReference; fileEncoding = 4; lastKnownFileType = sourcecode.c.objc; path = IngredientVC.m; sourceTree = "<group>"; };
		7FE21A1D1815FF9F00BBCE1A /* Recipe.h */ = {isa = PBXFileReference; fileEncoding = 4; lastKnownFileType = sourcecode.c.h; path = Recipe.h; sourceTree = "<group>"; };
		7FE21A1E1815FF9F00BBCE1A /* Recipe.m */ = {isa = PBXFileReference; fileEncoding = 4; lastKnownFileType = sourcecode.c.objc; path = Recipe.m; sourceTree = "<group>"; };
		7FE21A201815FFA000BBCE1A /* IngredientTags.h */ = {isa = PBXFileReference; fileEncoding = 4; lastKnownFileType = sourcecode.c.h; path = IngredientTags.h; sourceTree = "<group>"; };
		7FE21A211815FFA000BBCE1A /* IngredientTags.m */ = {isa = PBXFileReference; fileEncoding = 4; lastKnownFileType = sourcecode.c.objc; path = IngredientTags.m; sourceTree = "<group>"; };
		7FE21A231815FFA100BBCE1A /* Method.h */ = {isa = PBXFileReference; fileEncoding = 4; lastKnownFileType = sourcecode.c.h; path = Method.h; sourceTree = "<group>"; };
		7FE21A241815FFA100BBCE1A /* Method.m */ = {isa = PBXFileReference; fileEncoding = 4; lastKnownFileType = sourcecode.c.objc; path = Method.m; sourceTree = "<group>"; };
		7FE21A291815FFA100BBCE1A /* Ingredient.h */ = {isa = PBXFileReference; fileEncoding = 4; lastKnownFileType = sourcecode.c.h; path = Ingredient.h; sourceTree = "<group>"; };
		7FE21A2A1815FFA100BBCE1A /* Ingredient.m */ = {isa = PBXFileReference; fileEncoding = 4; lastKnownFileType = sourcecode.c.objc; path = Ingredient.m; sourceTree = "<group>"; };
		7FE4EBE718161675002D46ED /* Cooking App.app */ = {isa = PBXFileReference; explicitFileType = wrapper.application; includeInIndex = 0; path = "Cooking App.app"; sourceTree = BUILT_PRODUCTS_DIR; };
		7FE4EBE818161675002D46ED /* Cooking AppTests.octest */ = {isa = PBXFileReference; explicitFileType = wrapper.cfbundle; includeInIndex = 0; path = "Cooking AppTests.octest"; sourceTree = BUILT_PRODUCTS_DIR; };
		7FE4EBE9181617FC002D46ED /* Nutrition.h */ = {isa = PBXFileReference; fileEncoding = 4; lastKnownFileType = sourcecode.c.h; path = Nutrition.h; sourceTree = "<group>"; };
		7FE4EBEA181617FC002D46ED /* Nutrition.m */ = {isa = PBXFileReference; fileEncoding = 4; lastKnownFileType = sourcecode.c.objc; path = Nutrition.m; sourceTree = "<group>"; };
/* End PBXFileReference section */

/* Begin PBXFrameworksBuildPhase section */
		6AD91DF717BA49EC007A0DF5 /* Frameworks */ = {
			isa = PBXFrameworksBuildPhase;
			buildActionMask = 2147483647;
			files = (
				6AA4E50717C85D800035694D /* CoreData.framework in Frameworks */,
				6AD91DFE17BA49EC007A0DF5 /* UIKit.framework in Frameworks */,
				6AD91E0017BA49EC007A0DF5 /* Foundation.framework in Frameworks */,
				6AD91E0217BA49EC007A0DF5 /* CoreGraphics.framework in Frameworks */,
			);
			runOnlyForDeploymentPostprocessing = 0;
		};
		6AD91E1C17BA49EE007A0DF5 /* Frameworks */ = {
			isa = PBXFrameworksBuildPhase;
			buildActionMask = 2147483647;
			files = (
				6A0AA2E318117FA80090547C /* CoreData.framework in Frameworks */,
				6AD91E2217BA49EE007A0DF5 /* SenTestingKit.framework in Frameworks */,
				6AD91E2317BA49EE007A0DF5 /* UIKit.framework in Frameworks */,
				6AD91E2417BA49EE007A0DF5 /* Foundation.framework in Frameworks */,
			);
			runOnlyForDeploymentPostprocessing = 0;
		};
/* End PBXFrameworksBuildPhase section */

/* Begin PBXGroup section */
		6A65C04717BDE5670064BAE8 /* ViewControllers */ = {
			isa = PBXGroup;
			children = (
				6AC1ABBF17C22230005E7AFB /* TitleVC.h */,
				6AC1ABC017C22230005E7AFB /* TitleVC.m */,
				6AD99DE917C255B1008AAA52 /* RecipeVC.h */,
				6AD99DEA17C255B1008AAA52 /* RecipeVC.m */,
				6AD99DEC17C2599B008AAA52 /* RecipeDetailVC.h */,
				6AD99DED17C2599B008AAA52 /* RecipeDetailVC.m */,
				6A219C4B17CC548D00E5545D /* ViewController.h */,
				6A219C4C17CC548D00E5545D /* ViewController.m */,
				72A3244717ED6CC700C78391 /* IngredientVC.h */,
				72A3244817ED6CC700C78391 /* IngredientVC.m */,
				720C65A2180D447100CA124F /* advancedVC.h */,
				720C65A3180D447100CA124F /* advancedVC.m */,
				720C65A5180D448E00CA124F /* advancedDetailVC.h */,
				720C65A6180D448E00CA124F /* advancedDetailVC.m */,
			);
			name = ViewControllers;
			sourceTree = "<group>";
		};
		6AA4E50817C85EAE0035694D /* Model and Model Classes */ = {
			isa = PBXGroup;
			children = (
				6AFF2A50180EC07300DD3E78 /* RecipeDb.xcdatamodeld */,
				7FE4EBE9181617FC002D46ED /* Nutrition.h */,
				7FE4EBEA181617FC002D46ED /* Nutrition.m */,
				7FE21A1D1815FF9F00BBCE1A /* Recipe.h */,
				7FE21A201815FFA000BBCE1A /* IngredientTags.h */,
				7FE21A291815FFA100BBCE1A /* Ingredient.h */,
				7FE21A2A1815FFA100BBCE1A /* Ingredient.m */,
				7FE21A231815FFA100BBCE1A /* Method.h */,
				7FE21A241815FFA100BBCE1A /* Method.m */,
				7FE21A211815FFA000BBCE1A /* IngredientTags.m */,
				7FE21A1E1815FF9F00BBCE1A /* Recipe.m */,
			);
			name = "Model and Model Classes";
			sourceTree = "<group>";
		};
		6AD91DF117BA49EC007A0DF5 = {
			isa = PBXGroup;
			children = (
				6AD91E0317BA49ED007A0DF5 /* Cooking App */,
				6AD91E2717BA49EE007A0DF5 /* Cooking AppTests */,
				6AD91DFC17BA49EC007A0DF5 /* Frameworks */,
				7FE4EBE718161675002D46ED /* Cooking App.app */,
				7FE4EBE818161675002D46ED /* Cooking AppTests.octest */,
			);
			sourceTree = "<group>";
		};
		6AD91DFC17BA49EC007A0DF5 /* Frameworks */ = {
			isa = PBXGroup;
			children = (
				6AA4E50617C85D800035694D /* CoreData.framework */,
				6AD91DFD17BA49EC007A0DF5 /* UIKit.framework */,
				6AD91DFF17BA49EC007A0DF5 /* Foundation.framework */,
				6AD91E0117BA49EC007A0DF5 /* CoreGraphics.framework */,
				6AD91E2117BA49EE007A0DF5 /* SenTestingKit.framework */,
			);
			name = Frameworks;
			sourceTree = "<group>";
		};
		6AD91E0317BA49ED007A0DF5 /* Cooking App */ = {
			isa = PBXGroup;
			children = (
				6A38ED561814F259009F6A24 /* foodnetwork.xml */,
				6AFF2A57180EC0AF00DD3E78 /* Parser.h */,
				6AFF2A58180EC0AF00DD3E78 /* Parser.m */,
				6AD91E0C17BA49ED007A0DF5 /* AppDelegate.h */,
				6AD91E0D17BA49ED007A0DF5 /* AppDelegate.m */,
				6AD91E1517BA49ED007A0DF5 /* MainStoryboard.storyboard */,
				6AA4E50817C85EAE0035694D /* Model and Model Classes */,
				6A65C04717BDE5670064BAE8 /* ViewControllers */,
				6AD91E0417BA49ED007A0DF5 /* Supporting Files */,
			);
			path = "Cooking App";
			sourceTree = "<group>";
		};
		6AD91E0417BA49ED007A0DF5 /* Supporting Files */ = {
			isa = PBXGroup;
			children = (
				6A0F485D180ED40B004AED5F /* Default.png */,
				6A0F485E180ED40C004AED5F /* Default@2x.png */,
				6AD91E0517BA49ED007A0DF5 /* Cooking App-Info.plist */,
				6AD91E0617BA49ED007A0DF5 /* InfoPlist.strings */,
				6AD91E0917BA49ED007A0DF5 /* main.m */,
				6AD91E0B17BA49ED007A0DF5 /* Cooking App-Prefix.pch */,
				6AD91E1317BA49ED007A0DF5 /* Default-568h@2x.png */,
			);
			name = "Supporting Files";
			sourceTree = "<group>";
		};
		6AD91E2717BA49EE007A0DF5 /* Cooking AppTests */ = {
			isa = PBXGroup;
			children = (
				6AF922C918122B68004CD66E /* CoreDataRecipeTest.h */,
				6AF922CA18122B68004CD66E /* CoreDataRecipeTest.m */,
				6AD91E2817BA49EE007A0DF5 /* Supporting Files */,
			);
			path = "Cooking AppTests";
			sourceTree = "<group>";
		};
		6AD91E2817BA49EE007A0DF5 /* Supporting Files */ = {
			isa = PBXGroup;
			children = (
				6AD91E2917BA49EE007A0DF5 /* Cooking AppTests-Info.plist */,
				6AD91E2A17BA49EE007A0DF5 /* InfoPlist.strings */,
			);
			name = "Supporting Files";
			sourceTree = "<group>";
		};
/* End PBXGroup section */

/* Begin PBXNativeTarget section */
		6AD91DF917BA49EC007A0DF5 /* Cooking App */ = {
			isa = PBXNativeTarget;
			buildConfigurationList = 6AD91E3217BA49EE007A0DF5 /* Build configuration list for PBXNativeTarget "Cooking App" */;
			buildPhases = (
				6AD91DF617BA49EC007A0DF5 /* Sources */,
				6AD91DF717BA49EC007A0DF5 /* Frameworks */,
				6AD91DF817BA49EC007A0DF5 /* Resources */,
			);
			buildRules = (
			);
			dependencies = (
			);
			name = "Cooking App";
			productName = "Cooking App";
			productReference = 7FE4EBE718161675002D46ED /* Cooking App.app */;
			productType = "com.apple.product-type.application";
		};
		6AD91E1F17BA49EE007A0DF5 /* Cooking AppTests */ = {
			isa = PBXNativeTarget;
			buildConfigurationList = 6AD91E3517BA49EE007A0DF5 /* Build configuration list for PBXNativeTarget "Cooking AppTests" */;
			buildPhases = (
				6AD91E1B17BA49EE007A0DF5 /* Sources */,
				6AD91E1C17BA49EE007A0DF5 /* Frameworks */,
				6AD91E1D17BA49EE007A0DF5 /* Resources */,
				6AD91E1E17BA49EE007A0DF5 /* ShellScript */,
			);
			buildRules = (
			);
			dependencies = (
				6AD91E2617BA49EE007A0DF5 /* PBXTargetDependency */,
			);
			name = "Cooking AppTests";
			productName = "Cooking AppTests";
			productReference = 7FE4EBE818161675002D46ED /* Cooking AppTests.octest */;
			productType = "com.apple.product-type.bundle";
		};
/* End PBXNativeTarget section */

/* Begin PBXProject section */
		6AD91DF217BA49EC007A0DF5 /* Project object */ = {
			isa = PBXProject;
			attributes = {
				LastUpgradeCheck = 0460;
				ORGANIZATIONNAME = Tristan;
			};
			buildConfigurationList = 6AD91DF517BA49EC007A0DF5 /* Build configuration list for PBXProject "Cooking App" */;
			compatibilityVersion = "Xcode 3.2";
			developmentRegion = English;
			hasScannedForEncodings = 0;
			knownRegions = (
				en,
			);
			mainGroup = 6AD91DF117BA49EC007A0DF5;
			productRefGroup = 6AD91DF117BA49EC007A0DF5;
			projectDirPath = "";
			projectRoot = "";
			targets = (
				6AD91DF917BA49EC007A0DF5 /* Cooking App */,
				6AD91E1F17BA49EE007A0DF5 /* Cooking AppTests */,
			);
		};
/* End PBXProject section */

/* Begin PBXResourcesBuildPhase section */
		6AD91DF817BA49EC007A0DF5 /* Resources */ = {
			isa = PBXResourcesBuildPhase;
			buildActionMask = 2147483647;
			files = (
				6AD91E0817BA49ED007A0DF5 /* InfoPlist.strings in Resources */,
				6AD91E1417BA49ED007A0DF5 /* Default-568h@2x.png in Resources */,
				6A38ED571814F259009F6A24 /* foodnetwork.xml in Resources */,
				6A0F4860180ED40C004AED5F /* Default@2x.png in Resources */,
				6AD91E1717BA49ED007A0DF5 /* MainStoryboard.storyboard in Resources */,
				6A0F485F180ED40C004AED5F /* Default.png in Resources */,
			);
			runOnlyForDeploymentPostprocessing = 0;
		};
		6AD91E1D17BA49EE007A0DF5 /* Resources */ = {
			isa = PBXResourcesBuildPhase;
			buildActionMask = 2147483647;
			files = (
				6AD91E2C17BA49EE007A0DF5 /* InfoPlist.strings in Resources */,
			);
			runOnlyForDeploymentPostprocessing = 0;
		};
/* End PBXResourcesBuildPhase section */

/* Begin PBXShellScriptBuildPhase section */
		6AD91E1E17BA49EE007A0DF5 /* ShellScript */ = {
			isa = PBXShellScriptBuildPhase;
			buildActionMask = 2147483647;
			files = (
			);
			inputPaths = (
			);
			outputPaths = (
			);
			runOnlyForDeploymentPostprocessing = 0;
			shellPath = /bin/sh;
			shellScript = "# Run the unit tests in this test bundle.\n\"${SYSTEM_DEVELOPER_DIR}/Tools/RunUnitTests\"\n";
		};
/* End PBXShellScriptBuildPhase section */

/* Begin PBXSourcesBuildPhase section */
		6AD91DF617BA49EC007A0DF5 /* Sources */ = {
			isa = PBXSourcesBuildPhase;
			buildActionMask = 2147483647;
			files = (
				7FE21A2B1815FFA100BBCE1A /* Ingredient.m in Sources */,
				6AFF2A59180EC0AF00DD3E78 /* Parser.m in Sources */,
				7FE4EBEB181617FC002D46ED /* Nutrition.m in Sources */,
				6AD91E0A17BA49ED007A0DF5 /* main.m in Sources */,
				6AD91E0E17BA49ED007A0DF5 /* AppDelegate.m in Sources */,
				7FE21A221815FFA000BBCE1A /* IngredientTags.m in Sources */,
				7FE21A251815FFA100BBCE1A /* Method.m in Sources */,
				6AC1ABC117C22230005E7AFB /* TitleVC.m in Sources */,
				6AD99DEB17C255B1008AAA52 /* RecipeVC.m in Sources */,
				6AFF2A53180EC07300DD3E78 /* RecipeDb.xcdatamodeld in Sources */,
				6AD99DEE17C2599B008AAA52 /* RecipeDetailVC.m in Sources */,
				6A219C4D17CC548D00E5545D /* ViewController.m in Sources */,
				7FE21A1F1815FF9F00BBCE1A /* Recipe.m in Sources */,
				72A3244917ED6CC800C78391 /* IngredientVC.m in Sources */,
				720C65A4180D447100CA124F /* advancedVC.m in Sources */,
				720C65A7180D448E00CA124F /* advancedDetailVC.m in Sources */,
			);
			runOnlyForDeploymentPostprocessing = 0;
		};
		6AD91E1B17BA49EE007A0DF5 /* Sources */ = {
			isa = PBXSourcesBuildPhase;
			buildActionMask = 2147483647;
			files = (
				6AF922CB18122B68004CD66E /* CoreDataRecipeTest.m in Sources */,
			);
			runOnlyForDeploymentPostprocessing = 0;
		};
/* End PBXSourcesBuildPhase section */

/* Begin PBXTargetDependency section */
		6AD91E2617BA49EE007A0DF5 /* PBXTargetDependency */ = {
			isa = PBXTargetDependency;
			target = 6AD91DF917BA49EC007A0DF5 /* Cooking App */;
			targetProxy = 6AD91E2517BA49EE007A0DF5 /* PBXContainerItemProxy */;
		};
/* End PBXTargetDependency section */

/* Begin PBXVariantGroup section */
		6AD91E0617BA49ED007A0DF5 /* InfoPlist.strings */ = {
			isa = PBXVariantGroup;
			children = (
				6AD91E0717BA49ED007A0DF5 /* en */,
			);
			name = InfoPlist.strings;
			sourceTree = "<group>";
		};
		6AD91E1517BA49ED007A0DF5 /* MainStoryboard.storyboard */ = {
			isa = PBXVariantGroup;
			children = (
				6AD91E1617BA49ED007A0DF5 /* en */,
			);
			name = MainStoryboard.storyboard;
			sourceTree = "<group>";
		};
		6AD91E2A17BA49EE007A0DF5 /* InfoPlist.strings */ = {
			isa = PBXVariantGroup;
			children = (
				6AD91E2B17BA49EE007A0DF5 /* en */,
			);
			name = InfoPlist.strings;
			sourceTree = "<group>";
		};
/* End PBXVariantGroup section */

/* Begin XCBuildConfiguration section */
		6AD91E3017BA49EE007A0DF5 /* Debug */ = {
			isa = XCBuildConfiguration;
			buildSettings = {
				ALWAYS_SEARCH_USER_PATHS = NO;
				CLANG_CXX_LANGUAGE_STANDARD = "gnu++0x";
				CLANG_CXX_LIBRARY = "libc++";
				CLANG_ENABLE_OBJC_ARC = YES;
				CLANG_WARN_CONSTANT_CONVERSION = YES;
				CLANG_WARN_EMPTY_BODY = YES;
				CLANG_WARN_ENUM_CONVERSION = YES;
				CLANG_WARN_INT_CONVERSION = YES;
				CLANG_WARN__DUPLICATE_METHOD_MATCH = YES;
				"CODE_SIGN_IDENTITY[sdk=iphoneos*]" = "iPhone Developer";
				COPY_PHASE_STRIP = NO;
				GCC_C_LANGUAGE_STANDARD = gnu99;
				GCC_DYNAMIC_NO_PIC = NO;
				GCC_OPTIMIZATION_LEVEL = 0;
				GCC_PREPROCESSOR_DEFINITIONS = (
					"DEBUG=1",
					"$(inherited)",
				);
				GCC_SYMBOLS_PRIVATE_EXTERN = NO;
				GCC_WARN_ABOUT_RETURN_TYPE = YES;
				GCC_WARN_UNINITIALIZED_AUTOS = YES;
				GCC_WARN_UNUSED_VARIABLE = YES;
				IPHONEOS_DEPLOYMENT_TARGET = 6.1;
				ONLY_ACTIVE_ARCH = YES;
				SDKROOT = iphoneos6.1;
			};
			name = Debug;
		};
		6AD91E3117BA49EE007A0DF5 /* Release */ = {
			isa = XCBuildConfiguration;
			buildSettings = {
				ALWAYS_SEARCH_USER_PATHS = NO;
				CLANG_CXX_LANGUAGE_STANDARD = "gnu++0x";
				CLANG_CXX_LIBRARY = "libc++";
				CLANG_ENABLE_OBJC_ARC = YES;
				CLANG_WARN_CONSTANT_CONVERSION = YES;
				CLANG_WARN_EMPTY_BODY = YES;
				CLANG_WARN_ENUM_CONVERSION = YES;
				CLANG_WARN_INT_CONVERSION = YES;
				CLANG_WARN__DUPLICATE_METHOD_MATCH = YES;
				"CODE_SIGN_IDENTITY[sdk=iphoneos*]" = "iPhone Developer";
				COPY_PHASE_STRIP = YES;
				GCC_C_LANGUAGE_STANDARD = gnu99;
				GCC_WARN_ABOUT_RETURN_TYPE = YES;
				GCC_WARN_UNINITIALIZED_AUTOS = YES;
				GCC_WARN_UNUSED_VARIABLE = YES;
				IPHONEOS_DEPLOYMENT_TARGET = 6.1;
				OTHER_CFLAGS = "-DNS_BLOCK_ASSERTIONS=1";
				SDKROOT = iphoneos6.1;
				VALIDATE_PRODUCT = YES;
			};
			name = Release;
		};
		6AD91E3317BA49EE007A0DF5 /* Debug */ = {
			isa = XCBuildConfiguration;
			buildSettings = {
				GCC_PRECOMPILE_PREFIX_HEADER = YES;
				GCC_PREFIX_HEADER = "Cooking App/Cooking App-Prefix.pch";
				INFOPLIST_FILE = "Cooking App/Cooking App-Info.plist";
				PRODUCT_NAME = "$(TARGET_NAME)";
				WRAPPER_EXTENSION = app;
			};
			name = Debug;
		};
		6AD91E3417BA49EE007A0DF5 /* Release */ = {
			isa = XCBuildConfiguration;
			buildSettings = {
				GCC_PRECOMPILE_PREFIX_HEADER = YES;
				GCC_PREFIX_HEADER = "Cooking App/Cooking App-Prefix.pch";
				INFOPLIST_FILE = "Cooking App/Cooking App-Info.plist";
				PRODUCT_NAME = "$(TARGET_NAME)";
				WRAPPER_EXTENSION = app;
			};
			name = Release;
		};
		6AD91E3617BA49EE007A0DF5 /* Debug */ = {
			isa = XCBuildConfiguration;
			buildSettings = {
				BUNDLE_LOADER = "$(BUILT_PRODUCTS_DIR)/Cooking App.app/Cooking App";
				FRAMEWORK_SEARCH_PATHS = (
					"\"$(SDKROOT)/Developer/Library/Frameworks\"",
					"\"$(DEVELOPER_LIBRARY_DIR)/Frameworks\"",
				);
				GCC_PRECOMPILE_PREFIX_HEADER = YES;
				GCC_PREFIX_HEADER = "Cooking App/Cooking App-Prefix.pch";
				INFOPLIST_FILE = "Cooking AppTests/Cooking AppTests-Info.plist";
				PRODUCT_NAME = "$(TARGET_NAME)";
				TEST_HOST = "$(BUNDLE_LOADER)";
				WRAPPER_EXTENSION = octest;
			};
			name = Debug;
		};
		6AD91E3717BA49EE007A0DF5 /* Release */ = {
			isa = XCBuildConfiguration;
			buildSettings = {
				BUNDLE_LOADER = "$(BUILT_PRODUCTS_DIR)/Cooking App.app/Cooking App";
				FRAMEWORK_SEARCH_PATHS = (
					"\"$(SDKROOT)/Developer/Library/Frameworks\"",
					"\"$(DEVELOPER_LIBRARY_DIR)/Frameworks\"",
				);
				GCC_PRECOMPILE_PREFIX_HEADER = YES;
				GCC_PREFIX_HEADER = "Cooking App/Cooking App-Prefix.pch";
				INFOPLIST_FILE = "Cooking AppTests/Cooking AppTests-Info.plist";
				PRODUCT_NAME = "$(TARGET_NAME)";
				TEST_HOST = "$(BUNDLE_LOADER)";
				WRAPPER_EXTENSION = octest;
			};
			name = Release;
		};
/* End XCBuildConfiguration section */

/* Begin XCConfigurationList section */
		6AD91DF517BA49EC007A0DF5 /* Build configuration list for PBXProject "Cooking App" */ = {
			isa = XCConfigurationList;
			buildConfigurations = (
				6AD91E3017BA49EE007A0DF5 /* Debug */,
				6AD91E3117BA49EE007A0DF5 /* Release */,
			);
			defaultConfigurationIsVisible = 0;
			defaultConfigurationName = Release;
		};
		6AD91E3217BA49EE007A0DF5 /* Build configuration list for PBXNativeTarget "Cooking App" */ = {
			isa = XCConfigurationList;
			buildConfigurations = (
				6AD91E3317BA49EE007A0DF5 /* Debug */,
				6AD91E3417BA49EE007A0DF5 /* Release */,
			);
			defaultConfigurationIsVisible = 0;
			defaultConfigurationName = Release;
		};
		6AD91E3517BA49EE007A0DF5 /* Build configuration list for PBXNativeTarget "Cooking AppTests" */ = {
			isa = XCConfigurationList;
			buildConfigurations = (
				6AD91E3617BA49EE007A0DF5 /* Debug */,
				6AD91E3717BA49EE007A0DF5 /* Release */,
			);
			defaultConfigurationIsVisible = 0;
			defaultConfigurationName = Release;
		};
/* End XCConfigurationList section */

/* Begin XCVersionGroup section */
		6AFF2A50180EC07300DD3E78 /* RecipeDb.xcdatamodeld */ = {
			isa = XCVersionGroup;
			children = (
				6AFF2A51180EC07300DD3E78 /* RecipeDb.xcdatamodel */,
			);
			currentVersion = 6AFF2A51180EC07300DD3E78 /* RecipeDb.xcdatamodel */;
			path = RecipeDb.xcdatamodeld;
			sourceTree = "<group>";
			versionGroupType = wrapper.xcdatamodel;
		};
/* End XCVersionGroup section */
	};
	rootObject = 6AD91DF217BA49EC007A0DF5 /* Project object */;
}
